
Microsoft Visual Studio Solution File, Format Version 10.00
# Visual Studio 2008
Project("{8BC9CEB8-8B4A-11D0-8D11-00A0C91BC942}") = "Ch37", "Ch37\Ch37.vcproj", "{CCA70FFF-3168-41F3-8116-0FB94CCC74A1}"
EndProject
Global
	GlobalSection(SolutionConfigurationPlatforms) = preSolution
		Debug|Win32 = Debug|Win32
		Release|Win32 = Release|Win32
	EndGlobalSection
	GlobalSection(ProjectConfigurationPlatforms) = postSolution
		{CCA70FFF-3168-41F3-8116-0FB94CCC74A1}.Debug|Win32.ActiveCfg = Debug|Win32
		{CCA70FFF-3168-41F3-8116-0FB94CCC74A1}.Debug|Win32.Build.0 = Debug|Win32
		{CCA70FFF-3168-41F3-8116-0FB94CCC74A1}.Release|Win32.ActiveCfg = Release|Win32
		{CCA70FFF-3168-41F3-8116-0FB94CCC74A1}.Release|Win32.Build.0 = Release|Win32
	EndGlobalSection
	GlobalSection(SolutionProperties) = preSolution
		HideSolutionNode = FALSE
	EndGlobalSection
EndGlobal
