<?xml version="1.0" encoding="utf-8"?>
<Project ToolsVersion="4.0" xmlns="http://schemas.microsoft.com/developer/msbuild/2003">
  <ItemGroup>
    <ClInclude Include="..\..\src\base\base.h">
      <Filter>src\base</Filter>
    </ClInclude>
    <ClInclude Include="..\..\src\base\pixelfmt.h">
      <Filter>src\base</Filter>
    </ClInclude>
    <ClInclude Include="..\..\src\base\tga_utils.h">
      <Filter>src\base</Filter>
    </ClInclude>
    <ClInclude Include="..\..\src\base\bmf.h">
      <Filter>src\base</Filter>
    </ClInclude>
    <ClInclude Include="..\..\src\base\font.h">
      <Filter>src\base</Filter>
    </ClInclude>
    <ClInclude Include="..\..\src\base\canvas.h">
      <Filter>src\base</Filter>
    </ClInclude>
    <ClInclude Include="..\..\src\base\thread.h">
      <Filter>src\base</Filter>
    </ClInclude>
    <ClInclude Include="..\..\src\base\hptimer.h">
      <Filter>src\base</Filter>
    </ClInclude>
    <ClInclude Include="..\..\src\scene.h">
      <Filter>src</Filter>
    </ClInclude>
    <ClInclude Include="..\..\src\base\app.h">
      <Filter>src\base</Filter>
    </ClInclude>
    <ClInclude Include="..\..\src\base\frame_context.h">
      <Filter>src\base</Filter>
    </ClInclude>
    <ClInclude Include="..\..\src\base\event.h">
      <Filter>src\base</Filter>
    </ClInclude>
    <ClInclude Include="..\..\src\base\mutex.h">
      <Filter>src\base</Filter>
    </ClInclude>
    <ClInclude Include="..\..\src\renderer.h">
      <Filter>src</Filter>
    </ClInclude>
    <ClInclude Include="..\..\src\app_scenario3.h">
      <Filter>src</Filter>
    </ClInclude>
  </ItemGroup>
  <ItemGroup>
    <ClCompile Include="..\..\src\base\base.cpp">
      <Filter>src\base</Filter>
    </ClCompile>
    <ClCompile Include="..\..\src\base\base_win.cpp">
      <Filter>src\base</Filter>
    </ClCompile>
    <ClCompile Include="..\..\src\base\pixelfmt.cpp">
      <Filter>src\base</Filter>
    </ClCompile>
    <ClCompile Include="..\..\src\base\font.cpp">
      <Filter>src\base</Filter>
    </ClCompile>
    <ClCompile Include="..\..\src\base\canvas.cpp">
      <Filter>src\base</Filter>
    </ClCompile>
    <ClCompile Include="..\..\src\base\thread_win.cpp">
      <Filter>src\base</Filter>
    </ClCompile>
    <ClCompile Include="..\..\src\base\hptimer_win.cpp">
      <Filter>src\base</Filter>
    </ClCompile>
    <ClCompile Include="..\..\src\main.cpp">
      <Filter>src</Filter>
    </ClCompile>
    <ClCompile Include="..\..\src\scene.cpp">
      <Filter>src</Filter>
    </ClCompile>
    <ClCompile Include="..\..\src\base\app.cpp">
      <Filter>src\base</Filter>
    </ClCompile>
    <ClCompile Include="..\..\src\base\frame_context.cpp">
      <Filter>src\base</Filter>
    </ClCompile>
    <ClCompile Include="..\..\src\base\event.cpp">
      <Filter>src\base</Filter>
    </ClCompile>
    <ClCompile Include="..\..\src\base\mutex.cpp">
      <Filter>src\base</Filter>
    </ClCompile>
    <ClCompile Include="..\..\src\renderer.cpp">
      <Filter>src</Filter>
    </ClCompile>
    <ClCompile Include="..\..\src\app_scenario3.cpp">
      <Filter>src</Filter>
    </ClCompile>
  </ItemGroup>
  <ItemGroup>
    <Filter Include="src">
      <UniqueIdentifier>{9d8036ab-81dc-47b9-b39e-b1cc792996ff}</UniqueIdentifier>
    </Filter>
    <Filter Include="src\base">
      <UniqueIdentifier>{3467cc65-ba88-43d7-9e7e-dd06c3e71377}</UniqueIdentifier>
    </Filter>
    <Filter Include="src\shaders">
      <UniqueIdentifier>{3501ad11-c39d-4354-a218-a6e71ed8960c}</UniqueIdentifier>
    </Filter>
  </ItemGroup>
  <ItemGroup>
    <None Include="..\..\bin\shaders\canvas_f.glsl">
      <Filter>src\shaders</Filter>
    </None>
    <None Include="..\..\bin\shaders\canvas_v.glsl">
      <Filter>src\shaders</Filter>
    </None>
    <None Include="..\..\readme.txt" />
    <None Include="..\..\bin\shaders\block_f.glsl">
      <Filter>src\shaders</Filter>
    </None>
    <None Include="..\..\bin\shaders\block_v.glsl">
      <Filter>src\shaders</Filter>
    </None>
  </ItemGroup>
</Project>